// !$*UTF8*$!
{
	archiveVersion = 1;
	classes = {
	};
	objectVersion = 51;
	objects = {

/* Begin PBXBuildFile section */
		1219F299A33D074C4B9CB36A /* Pods_mes.framework in Frameworks */ = {isa = PBXBuildFile; fileRef = 76395516E346AE33C6D4D64D /* Pods_mes.framework */; };
		325DCBFC1B5BC238D0CC3759 /* Pods_mesTests.framework in Frameworks */ = {isa = PBXBuildFile; fileRef = 6E2101BEF61CB3BD4D383697 /* Pods_mesTests.framework */; };
		9C6F647A5950526D1B64A3B4 /* Pods_mes_mesUITests.framework in Frameworks */ = {isa = PBXBuildFile; fileRef = 5FF6F59F4071C912722C6F85 /* Pods_mes_mesUITests.framework */; };
		EC76904C26A5E32200710C5A /* LoginViewController.swift in Sources */ = {isa = PBXBuildFile; fileRef = EC76904B26A5E32200710C5A /* LoginViewController.swift */; };
		EC76905426A5E34800710C5A /* RegisterViewController.swift in Sources */ = {isa = PBXBuildFile; fileRef = EC76905326A5E34800710C5A /* RegisterViewController.swift */; };
		EC76905926A5E37300710C5A /* PhotoViewController.swift in Sources */ = {isa = PBXBuildFile; fileRef = EC76905826A5E37300710C5A /* PhotoViewController.swift */; };
		EC76905E26A5E38900710C5A /* VideoViewController.swift in Sources */ = {isa = PBXBuildFile; fileRef = EC76905D26A5E38900710C5A /* VideoViewController.swift */; };
		EC76907026A5E42400710C5A /* ChatViewController.swift in Sources */ = {isa = PBXBuildFile; fileRef = EC76906F26A5E42400710C5A /* ChatViewController.swift */; };
		EC76907826A5E43000710C5A /* ProfileViewController.swift in Sources */ = {isa = PBXBuildFile; fileRef = EC76907726A5E43000710C5A /* ProfileViewController.swift */; };
		EC76908426A5ECC000710C5A /* exten.swift in Sources */ = {isa = PBXBuildFile; fileRef = EC76908326A5ECC000710C5A /* exten.swift */; };
		EC76908926A6E89F00710C5A /* GoogletranslateViewController.swift in Sources */ = {isa = PBXBuildFile; fileRef = EC76908826A6E89F00710C5A /* GoogletranslateViewController.swift */; };
		EC7690A526A8717900710C5A /* GoogleService-Info.plist in Resources */ = {isa = PBXBuildFile; fileRef = EC7690A426A8717900710C5A /* GoogleService-Info.plist */; };
		EC7690AD26AC27BE00710C5A /* databaseset.swift in Sources */ = {isa = PBXBuildFile; fileRef = EC7690AC26AC27BE00710C5A /* databaseset.swift */; };
		EC93DF1326A5838600EC2347 /* AppDelegate.swift in Sources */ = {isa = PBXBuildFile; fileRef = EC93DF1226A5838600EC2347 /* AppDelegate.swift */; };
		EC93DF1526A5838600EC2347 /* SceneDelegate.swift in Sources */ = {isa = PBXBuildFile; fileRef = EC93DF1426A5838600EC2347 /* SceneDelegate.swift */; };
		EC93DF1726A5838600EC2347 /* ConversationViewController.swift in Sources */ = {isa = PBXBuildFile; fileRef = EC93DF1626A5838600EC2347 /* ConversationViewController.swift */; };
		EC93DF1A26A5838600EC2347 /* Main.storyboard in Resources */ = {isa = PBXBuildFile; fileRef = EC93DF1826A5838600EC2347 /* Main.storyboard */; };
		EC93DF1C26A5838F00EC2347 /* Assets.xcassets in Resources */ = {isa = PBXBuildFile; fileRef = EC93DF1B26A5838F00EC2347 /* Assets.xcassets */; };
		EC93DF1F26A5838F00EC2347 /* LaunchScreen.storyboard in Resources */ = {isa = PBXBuildFile; fileRef = EC93DF1D26A5838F00EC2347 /* LaunchScreen.storyboard */; };
		EC93DF2A26A5838F00EC2347 /* mesTests.swift in Sources */ = {isa = PBXBuildFile; fileRef = EC93DF2926A5838F00EC2347 /* mesTests.swift */; };
		EC93DF3526A5838F00EC2347 /* mesUITests.swift in Sources */ = {isa = PBXBuildFile; fileRef = EC93DF3426A5838F00EC2347 /* mesUITests.swift */; };
/* End PBXBuildFile section */

/* Begin PBXContainerItemProxy section */
		EC93DF2626A5838F00EC2347 /* PBXContainerItemProxy */ = {
			isa = PBXContainerItemProxy;
			containerPortal = EC93DF0726A5838600EC2347 /* Project object */;
			proxyType = 1;
			remoteGlobalIDString = EC93DF0E26A5838600EC2347;
			remoteInfo = mes;
		};
		EC93DF3126A5838F00EC2347 /* PBXContainerItemProxy */ = {
			isa = PBXContainerItemProxy;
			containerPortal = EC93DF0726A5838600EC2347 /* Project object */;
			proxyType = 1;
			remoteGlobalIDString = EC93DF0E26A5838600EC2347;
			remoteInfo = mes;
		};
/* End PBXContainerItemProxy section */

/* Begin PBXFileReference section */
		0E7ED89ED53C5B5A4A94F10E /* Pods-mes.release.xcconfig */ = {isa = PBXFileReference; includeInIndex = 1; lastKnownFileType = text.xcconfig; name = "Pods-mes.release.xcconfig"; path = "Target Support Files/Pods-mes/Pods-mes.release.xcconfig"; sourceTree = "<group>"; };
		34D85D2BC2A49E2AA3D41722 /* Pods-mesTests.release.xcconfig */ = {isa = PBXFileReference; includeInIndex = 1; lastKnownFileType = text.xcconfig; name = "Pods-mesTests.release.xcconfig"; path = "Target Support Files/Pods-mesTests/Pods-mesTests.release.xcconfig"; sourceTree = "<group>"; };
		5FF6F59F4071C912722C6F85 /* Pods_mes_mesUITests.framework */ = {isa = PBXFileReference; explicitFileType = wrapper.framework; includeInIndex = 0; path = Pods_mes_mesUITests.framework; sourceTree = BUILT_PRODUCTS_DIR; };
		6E2101BEF61CB3BD4D383697 /* Pods_mesTests.framework */ = {isa = PBXFileReference; explicitFileType = wrapper.framework; includeInIndex = 0; path = Pods_mesTests.framework; sourceTree = BUILT_PRODUCTS_DIR; };
		76395516E346AE33C6D4D64D /* Pods_mes.framework */ = {isa = PBXFileReference; explicitFileType = wrapper.framework; includeInIndex = 0; path = Pods_mes.framework; sourceTree = BUILT_PRODUCTS_DIR; };
		86B5FF6821EE9B985EB1E564 /* Pods-mesTests.debug.xcconfig */ = {isa = PBXFileReference; includeInIndex = 1; lastKnownFileType = text.xcconfig; name = "Pods-mesTests.debug.xcconfig"; path = "Target Support Files/Pods-mesTests/Pods-mesTests.debug.xcconfig"; sourceTree = "<group>"; };
		96BCF8B738E48569A050103E /* Pods-mes-mesUITests.debug.xcconfig */ = {isa = PBXFileReference; includeInIndex = 1; lastKnownFileType = text.xcconfig; name = "Pods-mes-mesUITests.debug.xcconfig"; path = "Target Support Files/Pods-mes-mesUITests/Pods-mes-mesUITests.debug.xcconfig"; sourceTree = "<group>"; };
		B627B9F1EECE85B5749C517B /* Pods-mes.debug.xcconfig */ = {isa = PBXFileReference; includeInIndex = 1; lastKnownFileType = text.xcconfig; name = "Pods-mes.debug.xcconfig"; path = "Target Support Files/Pods-mes/Pods-mes.debug.xcconfig"; sourceTree = "<group>"; };
		DBF2381966346BACE6864D23 /* Pods-mes-mesUITests.release.xcconfig */ = {isa = PBXFileReference; includeInIndex = 1; lastKnownFileType = text.xcconfig; name = "Pods-mes-mesUITests.release.xcconfig"; path = "Target Support Files/Pods-mes-mesUITests/Pods-mes-mesUITests.release.xcconfig"; sourceTree = "<group>"; };
		EC76904B26A5E32200710C5A /* LoginViewController.swift */ = {isa = PBXFileReference; lastKnownFileType = sourcecode.swift; path = LoginViewController.swift; sourceTree = "<group>"; };
		EC76905326A5E34800710C5A /* RegisterViewController.swift */ = {isa = PBXFileReference; lastKnownFileType = sourcecode.swift; path = RegisterViewController.swift; sourceTree = "<group>"; };
		EC76905826A5E37300710C5A /* PhotoViewController.swift */ = {isa = PBXFileReference; lastKnownFileType = sourcecode.swift; path = PhotoViewController.swift; sourceTree = "<group>"; };
		EC76905D26A5E38900710C5A /* VideoViewController.swift */ = {isa = PBXFileReference; lastKnownFileType = sourcecode.swift; path = VideoViewController.swift; sourceTree = "<group>"; };
		EC76906F26A5E42400710C5A /* ChatViewController.swift */ = {isa = PBXFileReference; lastKnownFileType = sourcecode.swift; path = ChatViewController.swift; sourceTree = "<group>"; };
		EC76907726A5E43000710C5A /* ProfileViewController.swift */ = {isa = PBXFileReference; lastKnownFileType = sourcecode.swift; path = ProfileViewController.swift; sourceTree = "<group>"; };
		EC76908326A5ECC000710C5A /* exten.swift */ = {isa = PBXFileReference; lastKnownFileType = sourcecode.swift; path = exten.swift; sourceTree = "<group>"; };
		EC76908826A6E89F00710C5A /* GoogletranslateViewController.swift */ = {isa = PBXFileReference; lastKnownFileType = sourcecode.swift; path = GoogletranslateViewController.swift; sourceTree = "<group>"; };
		EC7690A426A8717900710C5A /* GoogleService-Info.plist */ = {isa = PBXFileReference; fileEncoding = 4; lastKnownFileType = text.plist.xml; path = "GoogleService-Info.plist"; sourceTree = "<group>"; };
		EC7690AC26AC27BE00710C5A /* databaseset.swift */ = {isa = PBXFileReference; lastKnownFileType = sourcecode.swift; path = databaseset.swift; sourceTree = "<group>"; };
		EC93DF0F26A5838600EC2347 /* mes.app */ = {isa = PBXFileReference; explicitFileType = wrapper.application; includeInIndex = 0; path = mes.app; sourceTree = BUILT_PRODUCTS_DIR; };
		EC93DF1226A5838600EC2347 /* AppDelegate.swift */ = {isa = PBXFileReference; lastKnownFileType = sourcecode.swift; path = AppDelegate.swift; sourceTree = "<group>"; };
		EC93DF1426A5838600EC2347 /* SceneDelegate.swift */ = {isa = PBXFileReference; lastKnownFileType = sourcecode.swift; path = SceneDelegate.swift; sourceTree = "<group>"; };
		EC93DF1626A5838600EC2347 /* ConversationViewController.swift */ = {isa = PBXFileReference; lastKnownFileType = sourcecode.swift; path = ConversationViewController.swift; sourceTree = "<group>"; };
		EC93DF1926A5838600EC2347 /* Base */ = {isa = PBXFileReference; lastKnownFileType = file.storyboard; name = Base; path = Base.lproj/Main.storyboard; sourceTree = "<group>"; };
		EC93DF1B26A5838F00EC2347 /* Assets.xcassets */ = {isa = PBXFileReference; lastKnownFileType = folder.assetcatalog; path = Assets.xcassets; sourceTree = "<group>"; };
		EC93DF1E26A5838F00EC2347 /* Base */ = {isa = PBXFileReference; lastKnownFileType = file.storyboard; name = Base; path = Base.lproj/LaunchScreen.storyboard; sourceTree = "<group>"; };
		EC93DF2026A5838F00EC2347 /* Info.plist */ = {isa = PBXFileReference; lastKnownFileType = text.plist.xml; path = Info.plist; sourceTree = "<group>"; };
		EC93DF2526A5838F00EC2347 /* mesTests.xctest */ = {isa = PBXFileReference; explicitFileType = wrapper.cfbundle; includeInIndex = 0; path = mesTests.xctest; sourceTree = BUILT_PRODUCTS_DIR; };
		EC93DF2926A5838F00EC2347 /* mesTests.swift */ = {isa = PBXFileReference; lastKnownFileType = sourcecode.swift; path = mesTests.swift; sourceTree = "<group>"; };
		EC93DF2B26A5838F00EC2347 /* Info.plist */ = {isa = PBXFileReference; lastKnownFileType = text.plist.xml; path = Info.plist; sourceTree = "<group>"; };
		EC93DF3026A5838F00EC2347 /* mesUITests.xctest */ = {isa = PBXFileReference; explicitFileType = wrapper.cfbundle; includeInIndex = 0; path = mesUITests.xctest; sourceTree = BUILT_PRODUCTS_DIR; };
		EC93DF3426A5838F00EC2347 /* mesUITests.swift */ = {isa = PBXFileReference; lastKnownFileType = sourcecode.swift; path = mesUITests.swift; sourceTree = "<group>"; };
		EC93DF3626A5838F00EC2347 /* Info.plist */ = {isa = PBXFileReference; lastKnownFileType = text.plist.xml; path = Info.plist; sourceTree = "<group>"; };
/* End PBXFileReference section */

/* Begin PBXFrameworksBuildPhase section */
		EC93DF0C26A5838600EC2347 /* Frameworks */ = {
			isa = PBXFrameworksBuildPhase;
			buildActionMask = 2147483647;
			files = (
				1219F299A33D074C4B9CB36A /* Pods_mes.framework in Frameworks */,
			);
			runOnlyForDeploymentPostprocessing = 0;
		};
		EC93DF2226A5838F00EC2347 /* Frameworks */ = {
			isa = PBXFrameworksBuildPhase;
			buildActionMask = 2147483647;
			files = (
				325DCBFC1B5BC238D0CC3759 /* Pods_mesTests.framework in Frameworks */,
			);
			runOnlyForDeploymentPostprocessing = 0;
		};
		EC93DF2D26A5838F00EC2347 /* Frameworks */ = {
			isa = PBXFrameworksBuildPhase;
			buildActionMask = 2147483647;
			files = (
				9C6F647A5950526D1B64A3B4 /* Pods_mes_mesUITests.framework in Frameworks */,
			);
			runOnlyForDeploymentPostprocessing = 0;
		};
/* End PBXFrameworksBuildPhase section */

/* Begin PBXGroup section */
		0B903CFE009FDA593C75F2B1 /* Pods */ = {
			isa = PBXGroup;
			children = (
				B627B9F1EECE85B5749C517B /* Pods-mes.debug.xcconfig */,
				0E7ED89ED53C5B5A4A94F10E /* Pods-mes.release.xcconfig */,
				96BCF8B738E48569A050103E /* Pods-mes-mesUITests.debug.xcconfig */,
				DBF2381966346BACE6864D23 /* Pods-mes-mesUITests.release.xcconfig */,
				86B5FF6821EE9B985EB1E564 /* Pods-mesTests.debug.xcconfig */,
				34D85D2BC2A49E2AA3D41722 /* Pods-mesTests.release.xcconfig */,
			);
			path = Pods;
			sourceTree = "<group>";
		};
		43881D32B5C34AC1AC2F0F84 /* Frameworks */ = {
			isa = PBXGroup;
			children = (
				76395516E346AE33C6D4D64D /* Pods_mes.framework */,
				5FF6F59F4071C912722C6F85 /* Pods_mes_mesUITests.framework */,
				6E2101BEF61CB3BD4D383697 /* Pods_mesTests.framework */,
			);
			name = Frameworks;
			sourceTree = "<group>";
		};
		EC76903C26A5D79900710C5A /* Controller */ = {
			isa = PBXGroup;
			children = (
				EC93DF1626A5838600EC2347 /* ConversationViewController.swift */,
				EC76907C26A5E64300710C5A /* Sign */,
				EC76905826A5E37300710C5A /* PhotoViewController.swift */,
				EC76905D26A5E38900710C5A /* VideoViewController.swift */,
				EC76906F26A5E42400710C5A /* ChatViewController.swift */,
				EC76907726A5E43000710C5A /* ProfileViewController.swift */,
				EC76908826A6E89F00710C5A /* GoogletranslateViewController.swift */,
			);
			path = Controller;
			sourceTree = "<group>";
		};
		EC76904026A5D7A200710C5A /* View */ = {
			isa = PBXGroup;
			children = (
				EC76904726A5D82900710C5A /* Storyboards */,
				EC93DF1B26A5838F00EC2347 /* Assets.xcassets */,
			);
			path = View;
			sourceTree = "<group>";
		};
		EC76904526A5D7C900710C5A /* Model */ = {
			isa = PBXGroup;
			children = (
			);
			path = Model;
			sourceTree = "<group>";
		};
		EC76904626A5D7D100710C5A /* Resources */ = {
			isa = PBXGroup;
			children = (
				EC93DF1226A5838600EC2347 /* AppDelegate.swift */,
				EC93DF1426A5838600EC2347 /* SceneDelegate.swift */,
				EC76908326A5ECC000710C5A /* exten.swift */,
				EC7690AC26AC27BE00710C5A /* databaseset.swift */,
			);
			path = Resources;
			sourceTree = "<group>";
		};
		EC76904726A5D82900710C5A /* Storyboards */ = {
			isa = PBXGroup;
			children = (
				EC93DF1826A5838600EC2347 /* Main.storyboard */,
				EC93DF1D26A5838F00EC2347 /* LaunchScreen.storyboard */,
			);
			path = Storyboards;
			sourceTree = "<group>";
		};
		EC76907C26A5E64300710C5A /* Sign */ = {
			isa = PBXGroup;
			children = (
				EC76904B26A5E32200710C5A /* LoginViewController.swift */,
				EC76905326A5E34800710C5A /* RegisterViewController.swift */,
			);
			path = Sign;
			sourceTree = "<group>";
		};
		EC93DF0626A5838600EC2347 = {
			isa = PBXGroup;
			children = (
				EC93DF1126A5838600EC2347 /* mes */,
				EC93DF2826A5838F00EC2347 /* mesTests */,
				EC93DF3326A5838F00EC2347 /* mesUITests */,
				EC93DF1026A5838600EC2347 /* Products */,
				0B903CFE009FDA593C75F2B1 /* Pods */,
				43881D32B5C34AC1AC2F0F84 /* Frameworks */,
			);
			sourceTree = "<group>";
		};
		EC93DF1026A5838600EC2347 /* Products */ = {
			isa = PBXGroup;
			children = (
				EC93DF0F26A5838600EC2347 /* mes.app */,
				EC93DF2526A5838F00EC2347 /* mesTests.xctest */,
				EC93DF3026A5838F00EC2347 /* mesUITests.xctest */,
			);
			name = Products;
			sourceTree = "<group>";
		};
		EC93DF1126A5838600EC2347 /* mes */ = {
			isa = PBXGroup;
			children = (
				EC7690A426A8717900710C5A /* GoogleService-Info.plist */,
				EC76904626A5D7D100710C5A /* Resources */,
				EC76904526A5D7C900710C5A /* Model */,
				EC76904026A5D7A200710C5A /* View */,
				EC76903C26A5D79900710C5A /* Controller */,
				EC93DF2026A5838F00EC2347 /* Info.plist */,
			);
			path = mes;
			sourceTree = "<group>";
		};
		EC93DF2826A5838F00EC2347 /* mesTests */ = {
			isa = PBXGroup;
			children = (
				EC93DF2926A5838F00EC2347 /* mesTests.swift */,
				EC93DF2B26A5838F00EC2347 /* Info.plist */,
			);
			path = mesTests;
			sourceTree = "<group>";
		};
		EC93DF3326A5838F00EC2347 /* mesUITests */ = {
			isa = PBXGroup;
			children = (
				EC93DF3426A5838F00EC2347 /* mesUITests.swift */,
				EC93DF3626A5838F00EC2347 /* Info.plist */,
			);
			path = mesUITests;
			sourceTree = "<group>";
		};
/* End PBXGroup section */

/* Begin PBXNativeTarget section */
		EC93DF0E26A5838600EC2347 /* mes */ = {
			isa = PBXNativeTarget;
			buildConfigurationList = EC93DF3926A5838F00EC2347 /* Build configuration list for PBXNativeTarget "mes" */;
			buildPhases = (
				1535F54FA9B12B15F4CFE9C0 /* [CP] Check Pods Manifest.lock */,
				EC93DF0B26A5838600EC2347 /* Sources */,
				EC93DF0C26A5838600EC2347 /* Frameworks */,
				EC93DF0D26A5838600EC2347 /* Resources */,
				7B1926CC01BE9529BF02AB94 /* [CP] Embed Pods Frameworks */,
			);
			buildRules = (
			);
			dependencies = (
			);
			name = mes;
			productName = mes;
			productReference = EC93DF0F26A5838600EC2347 /* mes.app */;
			productType = "com.apple.product-type.application";
		};
		EC93DF2426A5838F00EC2347 /* mesTests */ = {
			isa = PBXNativeTarget;
			buildConfigurationList = EC93DF3C26A5838F00EC2347 /* Build configuration list for PBXNativeTarget "mesTests" */;
			buildPhases = (
				39FB1434F310D65B679B8ABA /* [CP] Check Pods Manifest.lock */,
				EC93DF2126A5838F00EC2347 /* Sources */,
				EC93DF2226A5838F00EC2347 /* Frameworks */,
				EC93DF2326A5838F00EC2347 /* Resources */,
			);
			buildRules = (
			);
			dependencies = (
				EC93DF2726A5838F00EC2347 /* PBXTargetDependency */,
			);
			name = mesTests;
			productName = mesTests;
			productReference = EC93DF2526A5838F00EC2347 /* mesTests.xctest */;
			productType = "com.apple.product-type.bundle.unit-test";
		};
		EC93DF2F26A5838F00EC2347 /* mesUITests */ = {
			isa = PBXNativeTarget;
			buildConfigurationList = EC93DF3F26A5838F00EC2347 /* Build configuration list for PBXNativeTarget "mesUITests" */;
			buildPhases = (
				477A6394314913D454D6F240 /* [CP] Check Pods Manifest.lock */,
				EC93DF2C26A5838F00EC2347 /* Sources */,
				EC93DF2D26A5838F00EC2347 /* Frameworks */,
				EC93DF2E26A5838F00EC2347 /* Resources */,
				CFBADC4BF62AA337A69E7D7A /* [CP] Embed Pods Frameworks */,
			);
			buildRules = (
			);
			dependencies = (
				EC93DF3226A5838F00EC2347 /* PBXTargetDependency */,
			);
			name = mesUITests;
			productName = mesUITests;
			productReference = EC93DF3026A5838F00EC2347 /* mesUITests.xctest */;
			productType = "com.apple.product-type.bundle.ui-testing";
		};
/* End PBXNativeTarget section */

/* Begin PBXProject section */
		EC93DF0726A5838600EC2347 /* Project object */ = {
			isa = PBXProject;
			attributes = {
				LastSwiftUpdateCheck = 1240;
				LastUpgradeCheck = 1240;
				TargetAttributes = {
					EC93DF0E26A5838600EC2347 = {
						CreatedOnToolsVersion = 12.4;
					};
					EC93DF2426A5838F00EC2347 = {
						CreatedOnToolsVersion = 12.4;
						TestTargetID = EC93DF0E26A5838600EC2347;
					};
					EC93DF2F26A5838F00EC2347 = {
						CreatedOnToolsVersion = 12.4;
						TestTargetID = EC93DF0E26A5838600EC2347;
					};
				};
			};
			buildConfigurationList = EC93DF0A26A5838600EC2347 /* Build configuration list for PBXProject "mes" */;
			compatibilityVersion = "Xcode 9.3";
			developmentRegion = en;
			hasScannedForEncodings = 0;
			knownRegions = (
				en,
				Base,
			);
			mainGroup = EC93DF0626A5838600EC2347;
			productRefGroup = EC93DF1026A5838600EC2347 /* Products */;
			projectDirPath = "";
			projectRoot = "";
			targets = (
				EC93DF0E26A5838600EC2347 /* mes */,
				EC93DF2426A5838F00EC2347 /* mesTests */,
				EC93DF2F26A5838F00EC2347 /* mesUITests */,
			);
		};
/* End PBXProject section */

/* Begin PBXResourcesBuildPhase section */
		EC93DF0D26A5838600EC2347 /* Resources */ = {
			isa = PBXResourcesBuildPhase;
			buildActionMask = 2147483647;
			files = (
				EC93DF1F26A5838F00EC2347 /* LaunchScreen.storyboard in Resources */,
				EC93DF1C26A5838F00EC2347 /* Assets.xcassets in Resources */,
				EC7690A526A8717900710C5A /* GoogleService-Info.plist in Resources */,
				EC93DF1A26A5838600EC2347 /* Main.storyboard in Resources */,
			);
			runOnlyForDeploymentPostprocessing = 0;
		};
		EC93DF2326A5838F00EC2347 /* Resources */ = {
			isa = PBXResourcesBuildPhase;
			buildActionMask = 2147483647;
			files = (
			);
			runOnlyForDeploymentPostprocessing = 0;
		};
		EC93DF2E26A5838F00EC2347 /* Resources */ = {
			isa = PBXResourcesBuildPhase;
			buildActionMask = 2147483647;
			files = (
			);
			runOnlyForDeploymentPostprocessing = 0;
		};
/* End PBXResourcesBuildPhase section */

/* Begin PBXShellScriptBuildPhase section */
		1535F54FA9B12B15F4CFE9C0 /* [CP] Check Pods Manifest.lock */ = {
			isa = PBXShellScriptBuildPhase;
			buildActionMask = 2147483647;
			files = (
			);
			inputFileListPaths = (
			);
			inputPaths = (
				"${PODS_PODFILE_DIR_PATH}/Podfile.lock",
				"${PODS_ROOT}/Manifest.lock",
			);
			name = "[CP] Check Pods Manifest.lock";
			outputFileListPaths = (
			);
			outputPaths = (
				"$(DERIVED_FILE_DIR)/Pods-mes-checkManifestLockResult.txt",
			);
			runOnlyForDeploymentPostprocessing = 0;
			shellPath = /bin/sh;
			shellScript = "diff \"${PODS_PODFILE_DIR_PATH}/Podfile.lock\" \"${PODS_ROOT}/Manifest.lock\" > /dev/null\nif [ $? != 0 ] ; then\n    # print error to STDERR\n    echo \"error: The sandbox is not in sync with the Podfile.lock. Run 'pod install' or update your CocoaPods installation.\" >&2\n    exit 1\nfi\n# This output is used by Xcode 'outputs' to avoid re-running this script phase.\necho \"SUCCESS\" > \"${SCRIPT_OUTPUT_FILE_0}\"\n";
			showEnvVarsInLog = 0;
		};
		39FB1434F310D65B679B8ABA /* [CP] Check Pods Manifest.lock */ = {
			isa = PBXShellScriptBuildPhase;
			buildActionMask = 2147483647;
			files = (
			);
			inputFileListPaths = (
			);
			inputPaths = (
				"${PODS_PODFILE_DIR_PATH}/Podfile.lock",
				"${PODS_ROOT}/Manifest.lock",
			);
			name = "[CP] Check Pods Manifest.lock";
			outputFileListPaths = (
			);
			outputPaths = (
				"$(DERIVED_FILE_DIR)/Pods-mesTests-checkManifestLockResult.txt",
			);
			runOnlyForDeploymentPostprocessing = 0;
			shellPath = /bin/sh;
			shellScript = "diff \"${PODS_PODFILE_DIR_PATH}/Podfile.lock\" \"${PODS_ROOT}/Manifest.lock\" > /dev/null\nif [ $? != 0 ] ; then\n    # print error to STDERR\n    echo \"error: The sandbox is not in sync with the Podfile.lock. Run 'pod install' or update your CocoaPods installation.\" >&2\n    exit 1\nfi\n# This output is used by Xcode 'outputs' to avoid re-running this script phase.\necho \"SUCCESS\" > \"${SCRIPT_OUTPUT_FILE_0}\"\n";
			showEnvVarsInLog = 0;
		};
		477A6394314913D454D6F240 /* [CP] Check Pods Manifest.lock */ = {
			isa = PBXShellScriptBuildPhase;
			buildActionMask = 2147483647;
			files = (
			);
			inputFileListPaths = (
			);
			inputPaths = (
				"${PODS_PODFILE_DIR_PATH}/Podfile.lock",
				"${PODS_ROOT}/Manifest.lock",
			);
			name = "[CP] Check Pods Manifest.lock";
			outputFileListPaths = (
			);
			outputPaths = (
				"$(DERIVED_FILE_DIR)/Pods-mes-mesUITests-checkManifestLockResult.txt",
			);
			runOnlyForDeploymentPostprocessing = 0;
			shellPath = /bin/sh;
			shellScript = "diff \"${PODS_PODFILE_DIR_PATH}/Podfile.lock\" \"${PODS_ROOT}/Manifest.lock\" > /dev/null\nif [ $? != 0 ] ; then\n    # print error to STDERR\n    echo \"error: The sandbox is not in sync with the Podfile.lock. Run 'pod install' or update your CocoaPods installation.\" >&2\n    exit 1\nfi\n# This output is used by Xcode 'outputs' to avoid re-running this script phase.\necho \"SUCCESS\" > \"${SCRIPT_OUTPUT_FILE_0}\"\n";
			showEnvVarsInLog = 0;
		};
		7B1926CC01BE9529BF02AB94 /* [CP] Embed Pods Frameworks */ = {
			isa = PBXShellScriptBuildPhase;
			buildActionMask = 2147483647;
			files = (
			);
			inputFileListPaths = (
				"${PODS_ROOT}/Target Support Files/Pods-mes/Pods-mes-frameworks-${CONFIGURATION}-input-files.xcfilelist",
			);
			name = "[CP] Embed Pods Frameworks";
			outputFileListPaths = (
				"${PODS_ROOT}/Target Support Files/Pods-mes/Pods-mes-frameworks-${CONFIGURATION}-output-files.xcfilelist",
			);
			runOnlyForDeploymentPostprocessing = 0;
			shellPath = /bin/sh;
			shellScript = "\"${PODS_ROOT}/Target Support Files/Pods-mes/Pods-mes-frameworks.sh\"\n";
			showEnvVarsInLog = 0;
		};
		CFBADC4BF62AA337A69E7D7A /* [CP] Embed Pods Frameworks */ = {
			isa = PBXShellScriptBuildPhase;
			buildActionMask = 2147483647;
			files = (
			);
			inputFileListPaths = (
				"${PODS_ROOT}/Target Support Files/Pods-mes-mesUITests/Pods-mes-mesUITests-frameworks-${CONFIGURATION}-input-files.xcfilelist",
			);
			name = "[CP] Embed Pods Frameworks";
			outputFileListPaths = (
				"${PODS_ROOT}/Target Support Files/Pods-mes-mesUITests/Pods-mes-mesUITests-frameworks-${CONFIGURATION}-output-files.xcfilelist",
			);
			runOnlyForDeploymentPostprocessing = 0;
			shellPath = /bin/sh;
			shellScript = "\"${PODS_ROOT}/Target Support Files/Pods-mes-mesUITests/Pods-mes-mesUITests-frameworks.sh\"\n";
			showEnvVarsInLog = 0;
		};
/* End PBXShellScriptBuildPhase section */

/* Begin PBXSourcesBuildPhase section */
		EC93DF0B26A5838600EC2347 /* Sources */ = {
			isa = PBXSourcesBuildPhase;
			buildActionMask = 2147483647;
			files = (
				EC76904C26A5E32200710C5A /* LoginViewController.swift in Sources */,
				EC76905E26A5E38900710C5A /* VideoViewController.swift in Sources */,
				EC7690AD26AC27BE00710C5A /* databaseset.swift in Sources */,
				EC76905426A5E34800710C5A /* RegisterViewController.swift in Sources */,
				EC76907026A5E42400710C5A /* ChatViewController.swift in Sources */,
				EC93DF1726A5838600EC2347 /* ConversationViewController.swift in Sources */,
				EC93DF1326A5838600EC2347 /* AppDelegate.swift in Sources */,
				EC76908426A5ECC000710C5A /* exten.swift in Sources */,
				EC76907826A5E43000710C5A /* ProfileViewController.swift in Sources */,
				EC76908926A6E89F00710C5A /* GoogletranslateViewController.swift in Sources */,
				EC93DF1526A5838600EC2347 /* SceneDelegate.swift in Sources */,
				EC76905926A5E37300710C5A /* PhotoViewController.swift in Sources */,
			);
			runOnlyForDeploymentPostprocessing = 0;
		};
		EC93DF2126A5838F00EC2347 /* Sources */ = {
			isa = PBXSourcesBuildPhase;
			buildActionMask = 2147483647;
			files = (
				EC93DF2A26A5838F00EC2347 /* mesTests.swift in Sources */,
			);
			runOnlyForDeploymentPostprocessing = 0;
		};
		EC93DF2C26A5838F00EC2347 /* Sources */ = {
			isa = PBXSourcesBuildPhase;
			buildActionMask = 2147483647;
			files = (
				EC93DF3526A5838F00EC2347 /* mesUITests.swift in Sources */,
			);
			runOnlyForDeploymentPostprocessing = 0;
		};
/* End PBXSourcesBuildPhase section */

/* Begin PBXTargetDependency section */
		EC93DF2726A5838F00EC2347 /* PBXTargetDependency */ = {
			isa = PBXTargetDependency;
			target = EC93DF0E26A5838600EC2347 /* mes */;
			targetProxy = EC93DF2626A5838F00EC2347 /* PBXContainerItemProxy */;
		};
		EC93DF3226A5838F00EC2347 /* PBXTargetDependency */ = {
			isa = PBXTargetDependency;
			target = EC93DF0E26A5838600EC2347 /* mes */;
			targetProxy = EC93DF3126A5838F00EC2347 /* PBXContainerItemProxy */;
		};
/* End PBXTargetDependency section */

/* Begin PBXVariantGroup section */
		EC93DF1826A5838600EC2347 /* Main.storyboard */ = {
			isa = PBXVariantGroup;
			children = (
				EC93DF1926A5838600EC2347 /* Base */,
			);
			name = Main.storyboard;
			sourceTree = "<group>";
		};
		EC93DF1D26A5838F00EC2347 /* LaunchScreen.storyboard */ = {
			isa = PBXVariantGroup;
			children = (
				EC93DF1E26A5838F00EC2347 /* Base */,
			);
			name = LaunchScreen.storyboard;
			sourceTree = "<group>";
		};
/* End PBXVariantGroup section */

/* Begin XCBuildConfiguration section */
		EC93DF3726A5838F00EC2347 /* Debug */ = {
			isa = XCBuildConfiguration;
			buildSettings = {
				ALWAYS_SEARCH_USER_PATHS = NO;
				CLANG_ANALYZER_NONNULL = YES;
				CLANG_ANALYZER_NUMBER_OBJECT_CONVERSION = YES_AGGRESSIVE;
				CLANG_CXX_LANGUAGE_STANDARD = "gnu++14";
				CLANG_CXX_LIBRARY = "libc++";
				CLANG_ENABLE_MODULES = YES;
				CLANG_ENABLE_OBJC_ARC = YES;
				CLANG_ENABLE_OBJC_WEAK = YES;
				CLANG_WARN_BLOCK_CAPTURE_AUTORELEASING = YES;
				CLANG_WARN_BOOL_CONVERSION = YES;
				CLANG_WARN_COMMA = YES;
				CLANG_WARN_CONSTANT_CONVERSION = YES;
				CLANG_WARN_DEPRECATED_OBJC_IMPLEMENTATIONS = YES;
				CLANG_WARN_DIRECT_OBJC_ISA_USAGE = YES_ERROR;
				CLANG_WARN_DOCUMENTATION_COMMENTS = YES;
				CLANG_WARN_EMPTY_BODY = YES;
				CLANG_WARN_ENUM_CONVERSION = YES;
				CLANG_WARN_INFINITE_RECURSION = YES;
				CLANG_WARN_INT_CONVERSION = YES;
				CLANG_WARN_NON_LITERAL_NULL_CONVERSION = YES;
				CLANG_WARN_OBJC_IMPLICIT_RETAIN_SELF = YES;
				CLANG_WARN_OBJC_LITERAL_CONVERSION = YES;
				CLANG_WARN_OBJC_ROOT_CLASS = YES_ERROR;
				CLANG_WARN_QUOTED_INCLUDE_IN_FRAMEWORK_HEADER = YES;
				CLANG_WARN_RANGE_LOOP_ANALYSIS = YES;
				CLANG_WARN_STRICT_PROTOTYPES = YES;
				CLANG_WARN_SUSPICIOUS_MOVE = YES;
				CLANG_WARN_UNGUARDED_AVAILABILITY = YES_AGGRESSIVE;
				CLANG_WARN_UNREACHABLE_CODE = YES;
				CLANG_WARN__DUPLICATE_METHOD_MATCH = YES;
				COPY_PHASE_STRIP = NO;
				DEBUG_INFORMATION_FORMAT = dwarf;
				ENABLE_STRICT_OBJC_MSGSEND = YES;
				ENABLE_TESTABILITY = YES;
				GCC_C_LANGUAGE_STANDARD = gnu11;
				GCC_DYNAMIC_NO_PIC = NO;
				GCC_NO_COMMON_BLOCKS = YES;
				GCC_OPTIMIZATION_LEVEL = 0;
				GCC_PREPROCESSOR_DEFINITIONS = (
					"DEBUG=1",
					"$(inherited)",
				);
				GCC_WARN_64_TO_32_BIT_CONVERSION = YES;
				GCC_WARN_ABOUT_RETURN_TYPE = YES_ERROR;
				GCC_WARN_UNDECLARED_SELECTOR = YES;
				GCC_WARN_UNINITIALIZED_AUTOS = YES_AGGRESSIVE;
				GCC_WARN_UNUSED_FUNCTION = YES;
				GCC_WARN_UNUSED_VARIABLE = YES;
				IPHONEOS_DEPLOYMENT_TARGET = 14.4;
				MTL_ENABLE_DEBUG_INFO = INCLUDE_SOURCE;
				MTL_FAST_MATH = YES;
				ONLY_ACTIVE_ARCH = YES;
				SDKROOT = iphoneos;
				SWIFT_ACTIVE_COMPILATION_CONDITIONS = DEBUG;
				SWIFT_OPTIMIZATION_LEVEL = "-Onone";
			};
			name = Debug;
		};
		EC93DF3826A5838F00EC2347 /* Release */ = {
			isa = XCBuildConfiguration;
			buildSettings = {
				ALWAYS_SEARCH_USER_PATHS = NO;
				CLANG_ANALYZER_NONNULL = YES;
				CLANG_ANALYZER_NUMBER_OBJECT_CONVERSION = YES_AGGRESSIVE;
				CLANG_CXX_LANGUAGE_STANDARD = "gnu++14";
				CLANG_CXX_LIBRARY = "libc++";
				CLANG_ENABLE_MODULES = YES;
				CLANG_ENABLE_OBJC_ARC = YES;
				CLANG_ENABLE_OBJC_WEAK = YES;
				CLANG_WARN_BLOCK_CAPTURE_AUTORELEASING = YES;
				CLANG_WARN_BOOL_CONVERSION = YES;
				CLANG_WARN_COMMA = YES;
				CLANG_WARN_CONSTANT_CONVERSION = YES;
				CLANG_WARN_DEPRECATED_OBJC_IMPLEMENTATIONS = YES;
				CLANG_WARN_DIRECT_OBJC_ISA_USAGE = YES_ERROR;
				CLANG_WARN_DOCUMENTATION_COMMENTS = YES;
				CLANG_WARN_EMPTY_BODY = YES;
				CLANG_WARN_ENUM_CONVERSION = YES;
				CLANG_WARN_INFINITE_RECURSION = YES;
				CLANG_WARN_INT_CONVERSION = YES;
				CLANG_WARN_NON_LITERAL_NULL_CONVERSION = YES;
				CLANG_WARN_OBJC_IMPLICIT_RETAIN_SELF = YES;
				CLANG_WARN_OBJC_LITERAL_CONVERSION = YES;
				CLANG_WARN_OBJC_ROOT_CLASS = YES_ERROR;
				CLANG_WARN_QUOTED_INCLUDE_IN_FRAMEWORK_HEADER = YES;
				CLANG_WARN_RANGE_LOOP_ANALYSIS = YES;
				CLANG_WARN_STRICT_PROTOTYPES = YES;
				CLANG_WARN_SUSPICIOUS_MOVE = YES;
				CLANG_WARN_UNGUARDED_AVAILABILITY = YES_AGGRESSIVE;
				CLANG_WARN_UNREACHABLE_CODE = YES;
				CLANG_WARN__DUPLICATE_METHOD_MATCH = YES;
				COPY_PHASE_STRIP = NO;
				DEBUG_INFORMATION_FORMAT = "dwarf-with-dsym";
				ENABLE_NS_ASSERTIONS = NO;
				ENABLE_STRICT_OBJC_MSGSEND = YES;
				GCC_C_LANGUAGE_STANDARD = gnu11;
				GCC_NO_COMMON_BLOCKS = YES;
				GCC_WARN_64_TO_32_BIT_CONVERSION = YES;
				GCC_WARN_ABOUT_RETURN_TYPE = YES_ERROR;
				GCC_WARN_UNDECLARED_SELECTOR = YES;
				GCC_WARN_UNINITIALIZED_AUTOS = YES_AGGRESSIVE;
				GCC_WARN_UNUSED_FUNCTION = YES;
				GCC_WARN_UNUSED_VARIABLE = YES;
				IPHONEOS_DEPLOYMENT_TARGET = 14.4;
				MTL_ENABLE_DEBUG_INFO = NO;
				MTL_FAST_MATH = YES;
				SDKROOT = iphoneos;
				SWIFT_COMPILATION_MODE = wholemodule;
				SWIFT_OPTIMIZATION_LEVEL = "-O";
				VALIDATE_PRODUCT = YES;
			};
			name = Release;
		};
		EC93DF3A26A5838F00EC2347 /* Debug */ = {
			isa = XCBuildConfiguration;
			baseConfigurationReference = B627B9F1EECE85B5749C517B /* Pods-mes.debug.xcconfig */;
			buildSettings = {
				ASSETCATALOG_COMPILER_APPICON_NAME = AppIcon;
				ASSETCATALOG_COMPILER_GLOBAL_ACCENT_COLOR_NAME = AccentColor;
				CODE_SIGN_STYLE = Automatic;
				DEVELOPMENT_TEAM = ZBBD4B26SB;
				INFOPLIST_FILE = mes/Info.plist;
				LD_RUNPATH_SEARCH_PATHS = (
					"$(inherited)",
					"@executable_path/Frameworks",
				);
				PRODUCT_BUNDLE_IDENTIFIER = brigit.mes;
				PRODUCT_NAME = "$(TARGET_NAME)";
				SWIFT_VERSION = 5.0;
				TARGETED_DEVICE_FAMILY = "1,2";
			};
			name = Debug;
		};
		EC93DF3B26A5838F00EC2347 /* Release */ = {
			isa = XCBuildConfiguration;
			baseConfigurationReference = 0E7ED89ED53C5B5A4A94F10E /* Pods-mes.release.xcconfig */;
			buildSettings = {
				ASSETCATALOG_COMPILER_APPICON_NAME = AppIcon;
				ASSETCATALOG_COMPILER_GLOBAL_ACCENT_COLOR_NAME = AccentColor;
				CODE_SIGN_STYLE = Automatic;
				DEVELOPMENT_TEAM = ZBBD4B26SB;
				INFOPLIST_FILE = mes/Info.plist;
				LD_RUNPATH_SEARCH_PATHS = (
					"$(inherited)",
					"@executable_path/Frameworks",
				);
				PRODUCT_BUNDLE_IDENTIFIER = brigit.mes;
				PRODUCT_NAME = "$(TARGET_NAME)";
				SWIFT_VERSION = 5.0;
				TARGETED_DEVICE_FAMILY = "1,2";
			};
			name = Release;
		};
		EC93DF3D26A5838F00EC2347 /* Debug */ = {
			isa = XCBuildConfiguration;
			baseConfigurationReference = 86B5FF6821EE9B985EB1E564 /* Pods-mesTests.debug.xcconfig */;
			buildSettings = {
				ALWAYS_EMBED_SWIFT_STANDARD_LIBRARIES = YES;
				BUNDLE_LOADER = "$(TEST_HOST)";
				CODE_SIGN_STYLE = Automatic;
				DEVELOPMENT_TEAM = ZBBD4B26SB;
				INFOPLIST_FILE = mesTests/Info.plist;
				IPHONEOS_DEPLOYMENT_TARGET = 14.4;
				LD_RUNPATH_SEARCH_PATHS = (
					"$(inherited)",
					"@executable_path/Frameworks",
					"@loader_path/Frameworks",
				);
				PRODUCT_BUNDLE_IDENTIFIER = brigit.mesTests;
				PRODUCT_NAME = "$(TARGET_NAME)";
				SWIFT_VERSION = 5.0;
				TARGETED_DEVICE_FAMILY = "1,2";
				TEST_HOST = "$(BUILT_PRODUCTS_DIR)/mes.app/mes";
			};
			name = Debug;
		};
		EC93DF3E26A5838F00EC2347 /* Release */ = {
			isa = XCBuildConfiguration;
			baseConfigurationReference = 34D85D2BC2A49E2AA3D41722 /* Pods-mesTests.release.xcconfig */;
			buildSettings = {
				ALWAYS_EMBED_SWIFT_STANDARD_LIBRARIES = YES;
				BUNDLE_LOADER = "$(TEST_HOST)";
				CODE_SIGN_STYLE = Automatic;
				DEVELOPMENT_TEAM = ZBBD4B26SB;
				INFOPLIST_FILE = mesTests/Info.plist;
				IPHONEOS_DEPLOYMENT_TARGET = 14.4;
				LD_RUNPATH_SEARCH_PATHS = (
					"$(inherited)",
					"@executable_path/Frameworks",
					"@loader_path/Frameworks",
				);
				PRODUCT_BUNDLE_IDENTIFIER = brigit.mesTests;
				PRODUCT_NAME = "$(TARGET_NAME)";
				SWIFT_VERSION = 5.0;
				TARGETED_DEVICE_FAMILY = "1,2";
				TEST_HOST = "$(BUILT_PRODUCTS_DIR)/mes.app/mes";
			};
			name = Release;
		};
		EC93DF4026A5838F00EC2347 /* Debug */ = {
			isa = XCBuildConfiguration;
			baseConfigurationReference = 96BCF8B738E48569A050103E /* Pods-mes-mesUITests.debug.xcconfig */;
			buildSettings = {
				ALWAYS_EMBED_SWIFT_STANDARD_LIBRARIES = YES;
				CODE_SIGN_STYLE = Automatic;
				DEVELOPMENT_TEAM = ZBBD4B26SB;
				INFOPLIST_FILE = mesUITests/Info.plist;
				LD_RUNPATH_SEARCH_PATHS = (
					"$(inherited)",
					"@executable_path/Frameworks",
					"@loader_path/Frameworks",
				);
				PRODUCT_BUNDLE_IDENTIFIER = brigit.mesUITests;
				PRODUCT_NAME = "$(TARGET_NAME)";
				SWIFT_VERSION = 5.0;
				TARGETED_DEVICE_FAMILY = "1,2";
				TEST_TARGET_NAME = mes;
			};
			name = Debug;
		};
		EC93DF4126A5838F00EC2347 /* Release */ = {
			isa = XCBuildConfiguration;
			baseConfigurationReference = DBF2381966346BACE6864D23 /* Pods-mes-mesUITests.release.xcconfig */;
			buildSettings = {
				ALWAYS_EMBED_SWIFT_STANDARD_LIBRARIES = YES;
				CODE_SIGN_STYLE = Automatic;
				DEVELOPMENT_TEAM = ZBBD4B26SB;
				INFOPLIST_FILE = mesUITests/Info.plist;
				LD_RUNPATH_SEARCH_PATHS = (
					"$(inherited)",
					"@executable_path/Frameworks",
					"@loader_path/Frameworks",
				);
				PRODUCT_BUNDLE_IDENTIFIER = brigit.mesUITests;
				PRODUCT_NAME = "$(TARGET_NAME)";
				SWIFT_VERSION = 5.0;
				TARGETED_DEVICE_FAMILY = "1,2";
				TEST_TARGET_NAME = mes;
			};
			name = Release;
		};
/* End XCBuildConfiguration section */

/* Begin XCConfigurationList section */
		EC93DF0A26A5838600EC2347 /* Build configuration list for PBXProject "mes" */ = {
			isa = XCConfigurationList;
			buildConfigurations = (
				EC93DF3726A5838F00EC2347 /* Debug */,
				EC93DF3826A5838F00EC2347 /* Release */,
			);
			defaultConfigurationIsVisible = 0;
			defaultConfigurationName = Release;
		};
		EC93DF3926A5838F00EC2347 /* Build configuration list for PBXNativeTarget "mes" */ = {
			isa = XCConfigurationList;
			buildConfigurations = (
				EC93DF3A26A5838F00EC2347 /* Debug */,
				EC93DF3B26A5838F00EC2347 /* Release */,
			);
			defaultConfigurationIsVisible = 0;
			defaultConfigurationName = Release;
		};
		EC93DF3C26A5838F00EC2347 /* Build configuration list for PBXNativeTarget "mesTests" */ = {
			isa = XCConfigurationList;
			buildConfigurations = (
				EC93DF3D26A5838F00EC2347 /* Debug */,
				EC93DF3E26A5838F00EC2347 /* Release */,
			);
			defaultConfigurationIsVisible = 0;
			defaultConfigurationName = Release;
		};
		EC93DF3F26A5838F00EC2347 /* Build configuration list for PBXNativeTarget "mesUITests" */ = {
			isa = XCConfigurationList;
			buildConfigurations = (
				EC93DF4026A5838F00EC2347 /* Debug */,
				EC93DF4126A5838F00EC2347 /* Release */,
			);
			defaultConfigurationIsVisible = 0;
			defaultConfigurationName = Release;
		};
/* End XCConfigurationList section */
	};
	rootObject = EC93DF0726A5838600EC2347 /* Project object */;
}
